
Microsoft Visual Studio Solution File, Format Version 10.00
# Visual Studio 2008
Project("{8BC9CEB8-8B4A-11D0-8D11-00A0C91BC942}") = "libole2", "libole2.vcproj", "{C668B866-3EFB-4F8C-A173-B5D183FBD2A8}"
EndProject
Global
	GlobalSection(SolutionConfigurationPlatforms) = preSolution
		Debug|Win32 = Debug|Win32
		Release|Win32 = Release|Win32
	EndGlobalSection
	GlobalSection(ProjectConfigurationPlatforms) = postSolution
		{C668B866-3EFB-4F8C-A173-B5D183FBD2A8}.Debug|Win32.ActiveCfg = Debug|Win32
		{C668B866-3EFB-4F8C-A173-B5D183FBD2A8}.Debug|Win32.Build.0 = Debug|Win32
		{C668B866-3EFB-4F8C-A173-B5D183FBD2A8}.Release|Win32.ActiveCfg = Release|Win32
		{C668B866-3EFB-4F8C-A173-B5D183FBD2A8}.Release|Win32.Build.0 = Release|Win32
	EndGlobalSection
	GlobalSection(SolutionProperties) = preSolution
		HideSolutionNode = FALSE
	EndGlobalSection
EndGlobal
